
Microsoft Visual Studio Solution File, Format Version 12.00
# Visual Studio Version 17
VisualStudioVersion = 17.14.36221.1 d17.14
MinimumVisualStudioVersion = 10.0.40219.1
Project("{FAE04EC0-301F-11D3-BF4B-00C04F79EFBC}") = "CodeExtractor", "CodeExtractor\CodeExtractor.csproj", "{C7D6D1AC-5CE3-439A-A676-B8A88EAEFECB}"
EndProject
Global
	GlobalSection(SolutionConfigurationPlatforms) = preSolution
		Debug|Any CPU = Debug|Any CPU
		Release|Any CPU = Release|Any CPU
	EndGlobalSection
	GlobalSection(ProjectConfigurationPlatforms) = postSolution
		{C7D6D1AC-5CE3-439A-A676-B8A88EAEFECB}.Debug|Any CPU.ActiveCfg = Debug|Any CPU
		{C7D6D1AC-5CE3-439A-A676-B8A88EAEFECB}.Debug|Any CPU.Build.0 = Debug|Any CPU
		{C7D6D1AC-5CE3-439A-A676-B8A88EAEFECB}.Release|Any CPU.ActiveCfg = Release|Any CPU
		{C7D6D1AC-5CE3-439A-A676-B8A88EAEFECB}.Release|Any CPU.Build.0 = Release|Any CPU
	EndGlobalSection
	GlobalSection(SolutionProperties) = preSolution
		HideSolutionNode = FALSE
	EndGlobalSection
	GlobalSection(ExtensibilityGlobals) = postSolution
		SolutionGuid = {B4824FC9-B6CC-4FB9-A2BB-E42A86636B58}
	EndGlobalSection
EndGlobal
